// !$*UTF8*$!
{
	archiveVersion = 1;
	classes = {
	};
	objectVersion = 77;
	objects = {

/* Begin PBXContainerItemProxy section */
		92B32F642DDF2FE000B50529 /* PBXContainerItemProxy */ = {
			isa = PBXContainerItemProxy;
			containerPortal = 92B32F4E2DDF2FDE00B50529 /* Project object */;
			proxyType = 1;
			remoteGlobalIDString = 92B32F552DDF2FDE00B50529;
			remoteInfo = CrashCurseApp;
		};
		92B32F6E2DDF2FE000B50529 /* PBXContainerItemProxy */ = {
			isa = PBXContainerItemProxy;
			containerPortal = 92B32F4E2DDF2FDE00B50529 /* Project object */;
			proxyType = 1;
			remoteGlobalIDString = 92B32F552DDF2FDE00B50529;
			remoteInfo = CrashCurseApp;
		};
/* End PBXContainerItemProxy section */

/* Begin PBXFileReference section */
		92B32F562DDF2FDE00B50529 /* CrashCurseApp.app */ = {isa = PBXFileReference; explicitFileType = wrapper.application; includeInIndex = 0; path = CrashCurseApp.app; sourceTree = BUILT_PRODUCTS_DIR; };
		92B32F632DDF2FE000B50529 /* CrashCurseAppTests.xctest */ = {isa = PBXFileReference; explicitFileType = wrapper.cfbundle; includeInIndex = 0; path = CrashCurseAppTests.xctest; sourceTree = BUILT_PRODUCTS_DIR; };
		92B32F6D2DDF2FE000B50529 /* CrashCurseAppUITests.xctest */ = {isa = PBXFileReference; explicitFileType = wrapper.cfbundle; includeInIndex = 0; path = CrashCurseAppUITests.xctest; sourceTree = BUILT_PRODUCTS_DIR; };
/* End PBXFileReference section */

/* Begin PBXFileSystemSynchronizedRootGroup section */
		92B32F582DDF2FDE00B50529 /* CrashCurseApp */ = {
			isa = PBXFileSystemSynchronizedRootGroup;
			path = CrashCurseApp;
			sourceTree = "<group>";
		};
		92B32F662DDF2FE000B50529 /* CrashCurseAppTests */ = {
			isa = PBXFileSystemSynchronizedRootGroup;
			path = CrashCurseAppTests;
			sourceTree = "<group>";
		};
		92B32F702DDF2FE000B50529 /* CrashCurseAppUITests */ = {
			isa = PBXFileSystemSynchronizedRootGroup;
			path = CrashCurseAppUITests;
			sourceTree = "<group>";
		};
/* End PBXFileSystemSynchronizedRootGroup section */

/* Begin PBXFrameworksBuildPhase section */
		92B32F532DDF2FDE00B50529 /* Frameworks */ = {
			isa = PBXFrameworksBuildPhase;
			buildActionMask = 2147483647;
			files = (
			);
			runOnlyForDeploymentPostprocessing = 0;
		};
		92B32F602DDF2FE000B50529 /* Frameworks */ = {
			isa = PBXFrameworksBuildPhase;
			buildActionMask = 2147483647;
			files = (
			);
			runOnlyForDeploymentPostprocessing = 0;
		};
		92B32F6A2DDF2FE000B50529 /* Frameworks */ = {
			isa = PBXFrameworksBuildPhase;
			buildActionMask = 2147483647;
			files = (
			);
			runOnlyForDeploymentPostprocessing = 0;
		};
/* End PBXFrameworksBuildPhase section */

/* Begin PBXGroup section */
		92B32F4D2DDF2FDE00B50529 = {
			isa = PBXGroup;
			children = (
				92B32F582DDF2FDE00B50529 /* CrashCurseApp */,
				92B32F662DDF2FE000B50529 /* CrashCurseAppTests */,
				92B32F702DDF2FE000B50529 /* CrashCurseAppUITests */,
				92B32F572DDF2FDE00B50529 /* Products */,
			);
			sourceTree = "<group>";
		};
		92B32F572DDF2FDE00B50529 /* Products */ = {
			isa = PBXGroup;
			children = (
				92B32F562DDF2FDE00B50529 /* CrashCurseApp.app */,
				92B32F632DDF2FE000B50529 /* CrashCurseAppTests.xctest */,
				92B32F6D2DDF2FE000B50529 /* CrashCurseAppUITests.xctest */,
			);
			name = Products;
			sourceTree = "<group>";
		};
/* End PBXGroup section */

/* Begin PBXNativeTarget section */
		92B32F552DDF2FDE00B50529 /* CrashCurseApp */ = {
			isa = PBXNativeTarget;
			buildConfigurationList = 92B32F772DDF2FE000B50529 /* Build configuration list for PBXNativeTarget "CrashCurseApp" */;
			buildPhases = (
				92B32F522DDF2FDE00B50529 /* Sources */,
				92B32F532DDF2FDE00B50529 /* Frameworks */,
				92B32F542DDF2FDE00B50529 /* Resources */,
			);
			buildRules = (
			);
			dependencies = (
			);
			fileSystemSynchronizedGroups = (
				92B32F582DDF2FDE00B50529 /* CrashCurseApp */,
			);
			name = CrashCurseApp;
			packageProductDependencies = (
			);
			productName = CrashCurseApp;
			productReference = 92B32F562DDF2FDE00B50529 /* CrashCurseApp.app */;
			productType = "com.apple.product-type.application";
		};
		92B32F622DDF2FE000B50529 /* CrashCurseAppTests */ = {
			isa = PBXNativeTarget;
			buildConfigurationList = 92B32F7A2DDF2FE000B50529 /* Build configuration list for PBXNativeTarget "CrashCurseAppTests" */;
			buildPhases = (
				92B32F5F2DDF2FE000B50529 /* Sources */,
				92B32F602DDF2FE000B50529 /* Frameworks */,
				92B32F612DDF2FE000B50529 /* Resources */,
			);
			buildRules = (
			);
			dependencies = (
				92B32F652DDF2FE000B50529 /* PBXTargetDependency */,
			);
			fileSystemSynchronizedGroups = (
				92B32F662DDF2FE000B50529 /* CrashCurseAppTests */,
			);
			name = CrashCurseAppTests;
			packageProductDependencies = (
			);
			productName = CrashCurseAppTests;
			productReference = 92B32F632DDF2FE000B50529 /* CrashCurseAppTests.xctest */;
			productType = "com.apple.product-type.bundle.unit-test";
		};
		92B32F6C2DDF2FE000B50529 /* CrashCurseAppUITests */ = {
			isa = PBXNativeTarget;
			buildConfigurationList = 92B32F7D2DDF2FE000B50529 /* Build configuration list for PBXNativeTarget "CrashCurseAppUITests" */;
			buildPhases = (
				92B32F692DDF2FE000B50529 /* Sources */,
				92B32F6A2DDF2FE000B50529 /* Frameworks */,
				92B32F6B2DDF2FE000B50529 /* Resources */,
			);
			buildRules = (
			);
			dependencies = (
				92B32F6F2DDF2FE000B50529 /* PBXTargetDependency */,
			);
			fileSystemSynchronizedGroups = (
				92B32F702DDF2FE000B50529 /* CrashCurseAppUITests */,
			);
			name = CrashCurseAppUITests;
			packageProductDependencies = (
			);
			productName = CrashCurseAppUITests;
			productReference = 92B32F6D2DDF2FE000B50529 /* CrashCurseAppUITests.xctest */;
			productType = "com.apple.product-type.bundle.ui-testing";
		};
/* End PBXNativeTarget section */

/* Begin PBXProject section */
		92B32F4E2DDF2FDE00B50529 /* Project object */ = {
			isa = PBXProject;
			attributes = {
				BuildIndependentTargetsInParallel = 1;
				LastSwiftUpdateCheck = 1630;
				LastUpgradeCheck = 1630;
				TargetAttributes = {
					92B32F552DDF2FDE00B50529 = {
						CreatedOnToolsVersion = 16.3;
					};
					92B32F622DDF2FE000B50529 = {
						CreatedOnToolsVersion = 16.3;
						TestTargetID = 92B32F552DDF2FDE00B50529;
					};
					92B32F6C2DDF2FE000B50529 = {
						CreatedOnToolsVersion = 16.3;
						TestTargetID = 92B32F552DDF2FDE00B50529;
					};
				};
			};
			buildConfigurationList = 92B32F512DDF2FDE00B50529 /* Build configuration list for PBXProject "CrashCurseApp" */;
			developmentRegion = en;
			hasScannedForEncodings = 0;
			knownRegions = (
				en,
				Base,
			);
			mainGroup = 92B32F4D2DDF2FDE00B50529;
			minimizedProjectReferenceProxies = 1;
			preferredProjectObjectVersion = 77;
			productRefGroup = 92B32F572DDF2FDE00B50529 /* Products */;
			projectDirPath = "";
			projectRoot = "";
			targets = (
				92B32F552DDF2FDE00B50529 /* CrashCurseApp */,
				92B32F622DDF2FE000B50529 /* CrashCurseAppTests */,
				92B32F6C2DDF2FE000B50529 /* CrashCurseAppUITests */,
			);
		};
/* End PBXProject section */

/* Begin PBXResourcesBuildPhase section */
		92B32F542DDF2FDE00B50529 /* Resources */ = {
			isa = PBXResourcesBuildPhase;
			buildActionMask = 2147483647;
			files = (
			);
			runOnlyForDeploymentPostprocessing = 0;
		};
		92B32F612DDF2FE000B50529 /* Resources */ = {
			isa = PBXResourcesBuildPhase;
			buildActionMask = 2147483647;
			files = (
			);
			runOnlyForDeploymentPostprocessing = 0;
		};
		92B32F6B2DDF2FE000B50529 /* Resources */ = {
			isa = PBXResourcesBuildPhase;
			buildActionMask = 2147483647;
			files = (
			);
			runOnlyForDeploymentPostprocessing = 0;
		};
/* End PBXResourcesBuildPhase section */

/* Begin PBXSourcesBuildPhase section */
		92B32F522DDF2FDE00B50529 /* Sources */ = {
			isa = PBXSourcesBuildPhase;
			buildActionMask = 2147483647;
			files = (
			);
			runOnlyForDeploymentPostprocessing = 0;
		};
		92B32F5F2DDF2FE000B50529 /* Sources */ = {
			isa = PBXSourcesBuildPhase;
			buildActionMask = 2147483647;
			files = (
			);
			runOnlyForDeploymentPostprocessing = 0;
		};
		92B32F692DDF2FE000B50529 /* Sources */ = {
			isa = PBXSourcesBuildPhase;
			buildActionMask = 2147483647;
			files = (
			);
			runOnlyForDeploymentPostprocessing = 0;
		};
/* End PBXSourcesBuildPhase section */

/* Begin PBXTargetDependency section */
		92B32F652DDF2FE000B50529 /* PBXTargetDependency */ = {
			isa = PBXTargetDependency;
			target = 92B32F552DDF2FDE00B50529 /* CrashCurseApp */;
			targetProxy = 92B32F642DDF2FE000B50529 /* PBXContainerItemProxy */;
		};
		92B32F6F2DDF2FE000B50529 /* PBXTargetDependency */ = {
			isa = PBXTargetDependency;
			target = 92B32F552DDF2FDE00B50529 /* CrashCurseApp */;
			targetProxy = 92B32F6E2DDF2FE000B50529 /* PBXContainerItemProxy */;
		};
/* End PBXTargetDependency section */

/* Begin XCBuildConfiguration section */
		92B32F752DDF2FE000B50529 /* Debug */ = {
			isa = XCBuildConfiguration;
			buildSettings = {
				ALWAYS_SEARCH_USER_PATHS = NO;
				ASSETCATALOG_COMPILER_GENERATE_SWIFT_ASSET_SYMBOL_EXTENSIONS = YES;
				CLANG_ANALYZER_NONNULL = YES;
				CLANG_ANALYZER_NUMBER_OBJECT_CONVERSION = YES_AGGRESSIVE;
				CLANG_CXX_LANGUAGE_STANDARD = "gnu++20";
				CLANG_ENABLE_MODULES = YES;
				CLANG_ENABLE_OBJC_ARC = YES;
				CLANG_ENABLE_OBJC_WEAK = YES;
				CLANG_WARN_BLOCK_CAPTURE_AUTORELEASING = YES;
				CLANG_WARN_BOOL_CONVERSION = YES;
				CLANG_WARN_COMMA = YES;
				CLANG_WARN_CONSTANT_CONVERSION = YES;
				CLANG_WARN_DEPRECATED_OBJC_IMPLEMENTATIONS = YES;
				CLANG_WARN_DIRECT_OBJC_ISA_USAGE = YES_ERROR;
				CLANG_WARN_DOCUMENTATION_COMMENTS = YES;
				CLANG_WARN_EMPTY_BODY = YES;
				CLANG_WARN_ENUM_CONVERSION = YES;
				CLANG_WARN_INFINITE_RECURSION = YES;
				CLANG_WARN_INT_CONVERSION = YES;
				CLANG_WARN_NON_LITERAL_NULL_CONVERSION = YES;
				CLANG_WARN_OBJC_IMPLICIT_RETAIN_SELF = YES;
				CLANG_WARN_OBJC_LITERAL_CONVERSION = YES;
				CLANG_WARN_OBJC_ROOT_CLASS = YES_ERROR;
				CLANG_WARN_QUOTED_INCLUDE_IN_FRAMEWORK_HEADER = YES;
				CLANG_WARN_RANGE_LOOP_ANALYSIS = YES;
				CLANG_WARN_STRICT_PROTOTYPES = YES;
				CLANG_WARN_SUSPICIOUS_MOVE = YES;
				CLANG_WARN_UNGUARDED_AVAILABILITY = YES_AGGRESSIVE;
				CLANG_WARN_UNREACHABLE_CODE = YES;
				CLANG_WARN__DUPLICATE_METHOD_MATCH = YES;
				COPY_PHASE_STRIP = NO;
				DEBUG_INFORMATION_FORMAT = dwarf;
				DEVELOPMENT_TEAM = D5GR589X4T;
				ENABLE_STRICT_OBJC_MSGSEND = YES;
				ENABLE_TESTABILITY = YES;
				ENABLE_USER_SCRIPT_SANDBOXING = YES;
				GCC_C_LANGUAGE_STANDARD = gnu17;
				GCC_DYNAMIC_NO_PIC = NO;
				GCC_NO_COMMON_BLOCKS = YES;
				GCC_OPTIMIZATION_LEVEL = 0;
				GCC_PREPROCESSOR_DEFINITIONS = (
					"DEBUG=1",
					"$(inherited)",
				);
				GCC_WARN_64_TO_32_BIT_CONVERSION = YES;
				GCC_WARN_ABOUT_RETURN_TYPE = YES_ERROR;
				GCC_WARN_UNDECLARED_SELECTOR = YES;
				GCC_WARN_UNINITIALIZED_AUTOS = YES_AGGRESSIVE;
				GCC_WARN_UNUSED_FUNCTION = YES;
				GCC_WARN_UNUSED_VARIABLE = YES;
				IPHONEOS_DEPLOYMENT_TARGET = 18.4;
				LOCALIZATION_PREFERS_STRING_CATALOGS = YES;
				MTL_ENABLE_DEBUG_INFO = INCLUDE_SOURCE;
				MTL_FAST_MATH = YES;
				ONLY_ACTIVE_ARCH = YES;
				SDKROOT = iphoneos;
				SWIFT_ACTIVE_COMPILATION_CONDITIONS = "DEBUG $(inherited)";
				SWIFT_OPTIMIZATION_LEVEL = "-Onone";
			};
			name = Debug;
		};
		92B32F762DDF2FE000B50529 /* Release */ = {
			isa = XCBuildConfiguration;
			buildSettings = {
				ALWAYS_SEARCH_USER_PATHS = NO;
				ASSETCATALOG_COMPILER_GENERATE_SWIFT_ASSET_SYMBOL_EXTENSIONS = YES;
				CLANG_ANALYZER_NONNULL = YES;
				CLANG_ANALYZER_NUMBER_OBJECT_CONVERSION = YES_AGGRESSIVE;
				CLANG_CXX_LANGUAGE_STANDARD = "gnu++20";
				CLANG_ENABLE_MODULES = YES;
				CLANG_ENABLE_OBJC_ARC = YES;
				CLANG_ENABLE_OBJC_WEAK = YES;
				CLANG_WARN_BLOCK_CAPTURE_AUTORELEASING = YES;
				CLANG_WARN_BOOL_CONVERSION = YES;
				CLANG_WARN_COMMA = YES;
				CLANG_WARN_CONSTANT_CONVERSION = YES;
				CLANG_WARN_DEPRECATED_OBJC_IMPLEMENTATIONS = YES;
				CLANG_WARN_DIRECT_OBJC_ISA_USAGE = YES_ERROR;
				CLANG_WARN_DOCUMENTATION_COMMENTS = YES;
				CLANG_WARN_EMPTY_BODY = YES;
				CLANG_WARN_ENUM_CONVERSION = YES;
				CLANG_WARN_INFINITE_RECURSION = YES;
				CLANG_WARN_INT_CONVERSION = YES;
				CLANG_WARN_NON_LITERAL_NULL_CONVERSION = YES;
				CLANG_WARN_OBJC_IMPLICIT_RETAIN_SELF = YES;
				CLANG_WARN_OBJC_LITERAL_CONVERSION = YES;
				CLANG_WARN_OBJC_ROOT_CLASS = YES_ERROR;
				CLANG_WARN_QUOTED_INCLUDE_IN_FRAMEWORK_HEADER = YES;
				CLANG_WARN_RANGE_LOOP_ANALYSIS = YES;
				CLANG_WARN_STRICT_PROTOTYPES = YES;
				CLANG_WARN_SUSPICIOUS_MOVE = YES;
				CLANG_WARN_UNGUARDED_AVAILABILITY = YES_AGGRESSIVE;
				CLANG_WARN_UNREACHABLE_CODE = YES;
				CLANG_WARN__DUPLICATE_METHOD_MATCH = YES;
				COPY_PHASE_STRIP = NO;
				DEBUG_INFORMATION_FORMAT = "dwarf-with-dsym";
				DEVELOPMENT_TEAM = D5GR589X4T;
				ENABLE_NS_ASSERTIONS = NO;
				ENABLE_STRICT_OBJC_MSGSEND = YES;
				ENABLE_USER_SCRIPT_SANDBOXING = YES;
				GCC_C_LANGUAGE_STANDARD = gnu17;
				GCC_NO_COMMON_BLOCKS = YES;
				GCC_WARN_64_TO_32_BIT_CONVERSION = YES;
				GCC_WARN_ABOUT_RETURN_TYPE = YES_ERROR;
				GCC_WARN_UNDECLARED_SELECTOR = YES;
				GCC_WARN_UNINITIALIZED_AUTOS = YES_AGGRESSIVE;
				GCC_WARN_UNUSED_FUNCTION = YES;
				GCC_WARN_UNUSED_VARIABLE = YES;
				IPHONEOS_DEPLOYMENT_TARGET = 18.4;
				LOCALIZATION_PREFERS_STRING_CATALOGS = YES;
				MTL_ENABLE_DEBUG_INFO = NO;
				MTL_FAST_MATH = YES;
				SDKROOT = iphoneos;
				SWIFT_COMPILATION_MODE = wholemodule;
				VALIDATE_PRODUCT = YES;
			};
			name = Release;
		};
		92B32F782DDF2FE000B50529 /* Debug */ = {
			isa = XCBuildConfiguration;
			buildSettings = {
				ASSETCATALOG_COMPILER_APPICON_NAME = AppIcon;
				ASSETCATALOG_COMPILER_GLOBAL_ACCENT_COLOR_NAME = AccentColor;
				CODE_SIGN_STYLE = Automatic;
				CURRENT_PROJECT_VERSION = 1;
				DEVELOPMENT_TEAM = D5GR589X4T;
				ENABLE_PREVIEWS = YES;
				GENERATE_INFOPLIST_FILE = YES;
				INFOPLIST_KEY_NSCalendarsUsageDescription = "CrashCurse needs calendar access to create events and reminders from your AI conversations.";
				INFOPLIST_KEY_NSMicrophoneUsageDescription = "CrashCurse needs microphone access to record your voice for speech recognition and AI assistance.";
				INFOPLIST_KEY_NSSpeechRecognitionUsageDescription = "CrashCurse uses speech recognition to convert your voice to text for better AI interaction.";
				INFOPLIST_KEY_NSUserNotificationsUsageDescription = "CrashCurse sends notifications for reminders, task alerts, and important updates.";
				INFOPLIST_KEY_UIApplicationSceneManifest_Generation = YES;
				INFOPLIST_KEY_UIApplicationSupportsIndirectInputEvents = YES;
				INFOPLIST_KEY_UILaunchScreen_Generation = YES;
				INFOPLIST_KEY_UISupportedInterfaceOrientations_iPad = "UIInterfaceOrientationPortrait UIInterfaceOrientationPortraitUpsideDown UIInterfaceOrientationLandscapeLeft UIInterfaceOrientationLandscapeRight";
				INFOPLIST_KEY_UISupportedInterfaceOrientations_iPhone = "UIInterfaceOrientationPortrait UIInterfaceOrientationLandscapeLeft UIInterfaceOrientationLandscapeRight";
				LD_RUNPATH_SEARCH_PATHS = (
					"$(inherited)",
					"@executable_path/Frameworks",
				);
				MARKETING_VERSION = 1.0;
				PRODUCT_BUNDLE_IDENTIFIER = ws.labai.CrashCurseApp;
				PRODUCT_NAME = "$(TARGET_NAME)";
				SWIFT_EMIT_LOC_STRINGS = YES;
				SWIFT_VERSION = 5.0;
				TARGETED_DEVICE_FAMILY = "1,2";
			};
			name = Debug;
		};
		92B32F792DDF2FE000B50529 /* Release */ = {
			isa = XCBuildConfiguration;
			buildSettings = {
				ASSETCATALOG_COMPILER_APPICON_NAME = AppIcon;
				ASSETCATALOG_COMPILER_GLOBAL_ACCENT_COLOR_NAME = AccentColor;
				CODE_SIGN_STYLE = Automatic;
				CURRENT_PROJECT_VERSION = 1;
				DEVELOPMENT_TEAM = D5GR589X4T;
				ENABLE_PREVIEWS = YES;
				GENERATE_INFOPLIST_FILE = YES;
				INFOPLIST_KEY_NSCalendarsUsageDescription = "CrashCurse needs calendar access to create events and reminders from your AI conversations.";
				INFOPLIST_KEY_NSMicrophoneUsageDescription = "CrashCurse needs microphone access to record your voice for speech recognition and AI assistance.";
				INFOPLIST_KEY_NSSpeechRecognitionUsageDescription = "CrashCurse uses speech recognition to convert your voice to text for better AI interaction.";
				INFOPLIST_KEY_NSUserNotificationsUsageDescription = "CrashCurse sends notifications for reminders, task alerts, and important updates.";
				INFOPLIST_KEY_UIApplicationSceneManifest_Generation = YES;
				INFOPLIST_KEY_UIApplicationSupportsIndirectInputEvents = YES;
				INFOPLIST_KEY_UILaunchScreen_Generation = YES;
				INFOPLIST_KEY_UISupportedInterfaceOrientations_iPad = "UIInterfaceOrientationPortrait UIInterfaceOrientationPortraitUpsideDown UIInterfaceOrientationLandscapeLeft UIInterfaceOrientationLandscapeRight";
				INFOPLIST_KEY_UISupportedInterfaceOrientations_iPhone = "UIInterfaceOrientationPortrait UIInterfaceOrientationLandscapeLeft UIInterfaceOrientationLandscapeRight";
				LD_RUNPATH_SEARCH_PATHS = (
					"$(inherited)",
					"@executable_path/Frameworks",
				);
				MARKETING_VERSION = 1.0;
				PRODUCT_BUNDLE_IDENTIFIER = ws.labai.CrashCurseApp;
				PRODUCT_NAME = "$(TARGET_NAME)";
				SWIFT_EMIT_LOC_STRINGS = YES;
				SWIFT_VERSION = 5.0;
				TARGETED_DEVICE_FAMILY = "1,2";
			};
			name = Release;
		};
		92B32F7B2DDF2FE000B50529 /* Debug */ = {
			isa = XCBuildConfiguration;
			buildSettings = {
				BUNDLE_LOADER = "$(TEST_HOST)";
				CODE_SIGN_STYLE = Automatic;
				CURRENT_PROJECT_VERSION = 1;
				DEVELOPMENT_TEAM = D5GR589X4T;
				GENERATE_INFOPLIST_FILE = YES;
				IPHONEOS_DEPLOYMENT_TARGET = 18.4;
				MARKETING_VERSION = 1.0;
				PRODUCT_BUNDLE_IDENTIFIER = ws.labai.CrashCurseAppTests;
				PRODUCT_NAME = "$(TARGET_NAME)";
				SWIFT_EMIT_LOC_STRINGS = NO;
				SWIFT_VERSION = 5.0;
				TARGETED_DEVICE_FAMILY = "1,2";
				TEST_HOST = "$(BUILT_PRODUCTS_DIR)/CrashCurseApp.app/$(BUNDLE_EXECUTABLE_FOLDER_PATH)/CrashCurseApp";
			};
			name = Debug;
		};
		92B32F7C2DDF2FE000B50529 /* Release */ = {
			isa = XCBuildConfiguration;
			buildSettings = {
				BUNDLE_LOADER = "$(TEST_HOST)";
				CODE_SIGN_STYLE = Automatic;
				CURRENT_PROJECT_VERSION = 1;
				DEVELOPMENT_TEAM = D5GR589X4T;
				GENERATE_INFOPLIST_FILE = YES;
				IPHONEOS_DEPLOYMENT_TARGET = 18.4;
				MARKETING_VERSION = 1.0;
				PRODUCT_BUNDLE_IDENTIFIER = ws.labai.CrashCurseAppTests;
				PRODUCT_NAME = "$(TARGET_NAME)";
				SWIFT_EMIT_LOC_STRINGS = NO;
				SWIFT_VERSION = 5.0;
				TARGETED_DEVICE_FAMILY = "1,2";
				TEST_HOST = "$(BUILT_PRODUCTS_DIR)/CrashCurseApp.app/$(BUNDLE_EXECUTABLE_FOLDER_PATH)/CrashCurseApp";
			};
			name = Release;
		};
		92B32F7E2DDF2FE000B50529 /* Debug */ = {
			isa = XCBuildConfiguration;
			buildSettings = {
				CODE_SIGN_STYLE = Automatic;
				CURRENT_PROJECT_VERSION = 1;
				DEVELOPMENT_TEAM = D5GR589X4T;
				GENERATE_INFOPLIST_FILE = YES;
				MARKETING_VERSION = 1.0;
				PRODUCT_BUNDLE_IDENTIFIER = ws.labai.CrashCurseAppUITests;
				PRODUCT_NAME = "$(TARGET_NAME)";
				SWIFT_EMIT_LOC_STRINGS = NO;
				SWIFT_VERSION = 5.0;
				TARGETED_DEVICE_FAMILY = "1,2";
				TEST_TARGET_NAME = CrashCurseApp;
			};
			name = Debug;
		};
		92B32F7F2DDF2FE000B50529 /* Release */ = {
			isa = XCBuildConfiguration;
			buildSettings = {
				CODE_SIGN_STYLE = Automatic;
				CURRENT_PROJECT_VERSION = 1;
				DEVELOPMENT_TEAM = D5GR589X4T;
				GENERATE_INFOPLIST_FILE = YES;
				MARKETING_VERSION = 1.0;
				PRODUCT_BUNDLE_IDENTIFIER = ws.labai.CrashCurseAppUITests;
				PRODUCT_NAME = "$(TARGET_NAME)";
				SWIFT_EMIT_LOC_STRINGS = NO;
				SWIFT_VERSION = 5.0;
				TARGETED_DEVICE_FAMILY = "1,2";
				TEST_TARGET_NAME = CrashCurseApp;
			};
			name = Release;
		};
/* End XCBuildConfiguration section */

/* Begin XCConfigurationList section */
		92B32F512DDF2FDE00B50529 /* Build configuration list for PBXProject "CrashCurseApp" */ = {
			isa = XCConfigurationList;
			buildConfigurations = (
				92B32F752DDF2FE000B50529 /* Debug */,
				92B32F762DDF2FE000B50529 /* Release */,
			);
			defaultConfigurationIsVisible = 0;
			defaultConfigurationName = Release;
		};
		92B32F772DDF2FE000B50529 /* Build configuration list for PBXNativeTarget "CrashCurseApp" */ = {
			isa = XCConfigurationList;
			buildConfigurations = (
				92B32F782DDF2FE000B50529 /* Debug */,
				92B32F792DDF2FE000B50529 /* Release */,
			);
			defaultConfigurationIsVisible = 0;
			defaultConfigurationName = Release;
		};
		92B32F7A2DDF2FE000B50529 /* Build configuration list for PBXNativeTarget "CrashCurseAppTests" */ = {
			isa = XCConfigurationList;
			buildConfigurations = (
				92B32F7B2DDF2FE000B50529 /* Debug */,
				92B32F7C2DDF2FE000B50529 /* Release */,
			);
			defaultConfigurationIsVisible = 0;
			defaultConfigurationName = Release;
		};
		92B32F7D2DDF2FE000B50529 /* Build configuration list for PBXNativeTarget "CrashCurseAppUITests" */ = {
			isa = XCConfigurationList;
			buildConfigurations = (
				92B32F7E2DDF2FE000B50529 /* Debug */,
				92B32F7F2DDF2FE000B50529 /* Release */,
			);
			defaultConfigurationIsVisible = 0;
			defaultConfigurationName = Release;
		};
/* End XCConfigurationList section */
	};
	rootObject = 92B32F4E2DDF2FDE00B50529 /* Project object */;
}
